
Microsoft Visual Studio Solution File, Format Version 12.00
# Visual Studio Version 16
VisualStudioVersion = 16.0.31402.337
MinimumVisualStudioVersion = 10.0.40219.1
Project("{FAE04EC0-301F-11D3-BF4B-00C04F79EFBC}") = "ConsumerAPIServices", "ConsumerAPIServices\ConsumerAPIServices.csproj", "{AE72C7FC-3F36-476F-AEA6-43F0E7E05E5D}"
EndProject
Global
	GlobalSection(SolutionConfigurationPlatforms) = preSolution
		Debug|Any CPU = Debug|Any CPU
		Release|Any CPU = Release|Any CPU
	EndGlobalSection
	GlobalSection(ProjectConfigurationPlatforms) = postSolution
		{AE72C7FC-3F36-476F-AEA6-43F0E7E05E5D}.Debug|Any CPU.ActiveCfg = Debug|Any CPU
		{AE72C7FC-3F36-476F-AEA6-43F0E7E05E5D}.Debug|Any CPU.Build.0 = Debug|Any CPU
		{AE72C7FC-3F36-476F-AEA6-43F0E7E05E5D}.Release|Any CPU.ActiveCfg = Release|Any CPU
		{AE72C7FC-3F36-476F-AEA6-43F0E7E05E5D}.Release|Any CPU.Build.0 = Release|Any CPU
	EndGlobalSection
	GlobalSection(SolutionProperties) = preSolution
		HideSolutionNode = FALSE
	EndGlobalSection
	GlobalSection(ExtensibilityGlobals) = postSolution
		SolutionGuid = {4AF8A8F0-79F6-4F62-9C28-DB6D5D2F13BE}
	EndGlobalSection
EndGlobal
